// !$*UTF8*$!
{
	archiveVersion = 1;
	classes = {
	};
	objectVersion = 50;
	objects = {

/* Begin PBXBuildFile section */
		A50A43412286B6C7000C18D3 /* AppDelegate.swift in Sources */ = {isa = PBXBuildFile; fileRef = A50A43402286B6C7000C18D3 /* AppDelegate.swift */; };
		A50A43432286B6C7000C18D3 /* ViewController.swift in Sources */ = {isa = PBXBuildFile; fileRef = A50A43422286B6C7000C18D3 /* ViewController.swift */; };
		A50A43462286B6C7000C18D3 /* Main.storyboard in Resources */ = {isa = PBXBuildFile; fileRef = A50A43442286B6C7000C18D3 /* Main.storyboard */; };
		A50A43482286B6C7000C18D3 /* Assets.xcassets in Resources */ = {isa = PBXBuildFile; fileRef = A50A43472286B6C7000C18D3 /* Assets.xcassets */; };
		A50A434B2286B6C7000C18D3 /* LaunchScreen.storyboard in Resources */ = {isa = PBXBuildFile; fileRef = A50A43492286B6C7000C18D3 /* LaunchScreen.storyboard */; };
		A50A43612286B6C7000C18D3 /* routerUITests.swift in Sources */ = {isa = PBXBuildFile; fileRef = A50A43602286B6C7000C18D3 /* routerUITests.swift */; };
		A50A43832286BABC000C18D3 /* Source.swift in Sources */ = {isa = PBXBuildFile; fileRef = A50A437B2286BABC000C18D3 /* Source.swift */; };
		A50A43842286BABC000C18D3 /* TextFile.swift in Sources */ = {isa = PBXBuildFile; fileRef = A50A437C2286BABC000C18D3 /* TextFile.swift */; };
		A50A43852286BABC000C18D3 /* StringSource.swift in Sources */ = {isa = PBXBuildFile; fileRef = A50A437D2286BABC000C18D3 /* StringSource.swift */; };
		A50A43862286BABC000C18D3 /* CSVImporter.swift in Sources */ = {isa = PBXBuildFile; fileRef = A50A437E2286BABC000C18D3 /* CSVImporter.swift */; };
		A50A43872286BABC000C18D3 /* Globals.swift in Sources */ = {isa = PBXBuildFile; fileRef = A50A437F2286BABC000C18D3 /* Globals.swift */; };
		A50A43882286BABC000C18D3 /* TextFileStreamReader.swift in Sources */ = {isa = PBXBuildFile; fileRef = A50A43802286BABC000C18D3 /* TextFileStreamReader.swift */; };
		A50A43892286BABC000C18D3 /* FileSource.swift in Sources */ = {isa = PBXBuildFile; fileRef = A50A43812286BABC000C18D3 /* FileSource.swift */; };
		A50A438E2286C090000C18D3 /* Route.swift in Sources */ = {isa = PBXBuildFile; fileRef = A50A438D2286C090000C18D3 /* Route.swift */; };
		A50A43A32286C6A5000C18D3 /* CollectionExtension.swift in Sources */ = {isa = PBXBuildFile; fileRef = A50A43912286C6A5000C18D3 /* CollectionExtension.swift */; };
		A50A43A42286C6A5000C18D3 /* ComparableExtension.swift in Sources */ = {isa = PBXBuildFile; fileRef = A50A43922286C6A5000C18D3 /* ComparableExtension.swift */; };
		A50A43A52286C6A5000C18D3 /* ArrayExtension.swift in Sources */ = {isa = PBXBuildFile; fileRef = A50A43932286C6A5000C18D3 /* ArrayExtension.swift */; };
		A50A43A62286C6A5000C18D3 /* IntExtension.swift in Sources */ = {isa = PBXBuildFile; fileRef = A50A43942286C6A5000C18D3 /* IntExtension.swift */; };
		A50A43A72286C6A5000C18D3 /* TimeIntervalExtension.swift in Sources */ = {isa = PBXBuildFile; fileRef = A50A43952286C6A5000C18D3 /* TimeIntervalExtension.swift */; };
		A50A43A82286C6A5000C18D3 /* NSRangeExtension.swift in Sources */ = {isa = PBXBuildFile; fileRef = A50A43962286C6A5000C18D3 /* NSRangeExtension.swift */; };
		A50A43A92286C6A5000C18D3 /* StringExtension.swift in Sources */ = {isa = PBXBuildFile; fileRef = A50A43972286C6A5000C18D3 /* StringExtension.swift */; };
		A50A43AA2286C6A5000C18D3 /* DictionaryExtension.swift in Sources */ = {isa = PBXBuildFile; fileRef = A50A43982286C6A5000C18D3 /* DictionaryExtension.swift */; };
		A50A43AB2286C6A5000C18D3 /* DispatchTimeIntervalExtension.swift in Sources */ = {isa = PBXBuildFile; fileRef = A50A43992286C6A5000C18D3 /* DispatchTimeIntervalExtension.swift */; };
		A50A43AC2286C6A5000C18D3 /* HSGlobals.swift in Sources */ = {isa = PBXBuildFile; fileRef = A50A439A2286C6A5000C18D3 /* HSGlobals.swift */; };
		A50A43AD2286C6A5000C18D3 /* FrequencyTable.swift in Sources */ = {isa = PBXBuildFile; fileRef = A50A439C2286C6A5000C18D3 /* FrequencyTable.swift */; };
		A50A43AE2286C6A5000C18D3 /* Regex.swift in Sources */ = {isa = PBXBuildFile; fileRef = A50A439D2286C6A5000C18D3 /* Regex.swift */; };
		A50A43AF2286C6A5000C18D3 /* Unowned.swift in Sources */ = {isa = PBXBuildFile; fileRef = A50A439E2286C6A5000C18D3 /* Unowned.swift */; };
		A50A43B02286C6A5000C18D3 /* SortedArray.swift in Sources */ = {isa = PBXBuildFile; fileRef = A50A439F2286C6A5000C18D3 /* SortedArray.swift */; };
		A50A43B12286C6A5000C18D3 /* Weak.swift in Sources */ = {isa = PBXBuildFile; fileRef = A50A43A02286C6A5000C18D3 /* Weak.swift */; };
		A50A43B22286C6A5000C18D3 /* Withable.swift in Sources */ = {isa = PBXBuildFile; fileRef = A50A43A22286C6A5000C18D3 /* Withable.swift */; };
		A50A43B52286CB72000C18D3 /* Airline.swift in Sources */ = {isa = PBXBuildFile; fileRef = A50A43B42286CB72000C18D3 /* Airline.swift */; };
		A50A43B72286D177000C18D3 /* Airport.swift in Sources */ = {isa = PBXBuildFile; fileRef = A50A43B62286D177000C18D3 /* Airport.swift */; };
		A50A43C12286ED4C000C18D3 /* MapViewController.swift in Sources */ = {isa = PBXBuildFile; fileRef = A50A43C02286ED4C000C18D3 /* MapViewController.swift */; };
		A50A43C32286EE0D000C18D3 /* RouteCollectionViewController.swift in Sources */ = {isa = PBXBuildFile; fileRef = A50A43C22286EE0D000C18D3 /* RouteCollectionViewController.swift */; };
		A50A43C52286F78F000C18D3 /* RouteCollectionViewModel.swift in Sources */ = {isa = PBXBuildFile; fileRef = A50A43C42286F78F000C18D3 /* RouteCollectionViewModel.swift */; };
		A50A43C82286F9A2000C18D3 /* Observable.swift in Sources */ = {isa = PBXBuildFile; fileRef = A50A43C72286F9A2000C18D3 /* Observable.swift */; };
		A50A43CC22870883000C18D3 /* AirportTests.swift in Sources */ = {isa = PBXBuildFile; fileRef = A50A43CB22870883000C18D3 /* AirportTests.swift */; };
		A50A43CE228710A6000C18D3 /* AirlineTests.swift in Sources */ = {isa = PBXBuildFile; fileRef = A50A43CD228710A6000C18D3 /* AirlineTests.swift */; };
		A50A43D022871107000C18D3 /* RouteTests.swift in Sources */ = {isa = PBXBuildFile; fileRef = A50A43CF22871107000C18D3 /* RouteTests.swift */; };
		A50A43D2228713B0000C18D3 /* RouteCollectionViewModelTests.swift in Sources */ = {isa = PBXBuildFile; fileRef = A50A43D1228713B0000C18D3 /* RouteCollectionViewModelTests.swift */; };
		A50A43DE228722E6000C18D3 /* routes.csv in Resources */ = {isa = PBXBuildFile; fileRef = A50A43DB228722E6000C18D3 /* routes.csv */; };
		A50A43DF228722E6000C18D3 /* airlines.csv in Resources */ = {isa = PBXBuildFile; fileRef = A50A43DC228722E6000C18D3 /* airlines.csv */; };
		A50A43E0228722E6000C18D3 /* airports.csv in Resources */ = {isa = PBXBuildFile; fileRef = A50A43DD228722E6000C18D3 /* airports.csv */; };
		A50A43EE22872826000C18D3 /* DropDownCell.xib in Resources */ = {isa = PBXBuildFile; fileRef = A50A43E422872826000C18D3 /* DropDownCell.xib */; };
		A50A43EF22872826000C18D3 /* DPDKeyboardListener.swift in Sources */ = {isa = PBXBuildFile; fileRef = A50A43E622872826000C18D3 /* DPDKeyboardListener.swift */; };
		A50A43F022872826000C18D3 /* DPDConstants.swift in Sources */ = {isa = PBXBuildFile; fileRef = A50A43E722872826000C18D3 /* DPDConstants.swift */; };
		A50A43F122872826000C18D3 /* DPDUIView+Extension.swift in Sources */ = {isa = PBXBuildFile; fileRef = A50A43E822872826000C18D3 /* DPDUIView+Extension.swift */; };
		A50A43F322872826000C18D3 /* DropDown.swift in Sources */ = {isa = PBXBuildFile; fileRef = A50A43EB22872826000C18D3 /* DropDown.swift */; };
		A50A43F422872826000C18D3 /* DropDownCell.swift in Sources */ = {isa = PBXBuildFile; fileRef = A50A43EC22872826000C18D3 /* DropDownCell.swift */; };
		A50A43F522872826000C18D3 /* DropDown+Appearance.swift in Sources */ = {isa = PBXBuildFile; fileRef = A50A43ED22872826000C18D3 /* DropDown+Appearance.swift */; };
		A50A43F722873E9A000C18D3 /* UIViewController+Extensions.swift in Sources */ = {isa = PBXBuildFile; fileRef = A50A43F622873E9A000C18D3 /* UIViewController+Extensions.swift */; };
		A50A43F922873EC9000C18D3 /* UIView+Extensions.swift in Sources */ = {isa = PBXBuildFile; fileRef = A50A43F822873EC9000C18D3 /* UIView+Extensions.swift */; };
		A50A43FB22874595000C18D3 /* TEXTS.swift in Sources */ = {isa = PBXBuildFile; fileRef = A50A43FA22874595000C18D3 /* TEXTS.swift */; };
		A50A43FE2287C0DB000C18D3 /* Graph.swift in Sources */ = {isa = PBXBuildFile; fileRef = A50A43FD2287C0DB000C18D3 /* Graph.swift */; };
		A50A44002287C35A000C18D3 /* AdjacencyList.swift in Sources */ = {isa = PBXBuildFile; fileRef = A50A43FF2287C35A000C18D3 /* AdjacencyList.swift */; };
		A50A44022287C50C000C18D3 /* Vertex.swift in Sources */ = {isa = PBXBuildFile; fileRef = A50A44012287C50C000C18D3 /* Vertex.swift */; };
		A50A44042287C539000C18D3 /* Edge.swift in Sources */ = {isa = PBXBuildFile; fileRef = A50A44032287C539000C18D3 /* Edge.swift */; };
		A50A44062287C96A000C18D3 /* MapViewModel.swift in Sources */ = {isa = PBXBuildFile; fileRef = A50A44052287C96A000C18D3 /* MapViewModel.swift */; };
		A50A44082287FD46000C18D3 /* Dijkstra.swift in Sources */ = {isa = PBXBuildFile; fileRef = A50A44072287FD46000C18D3 /* Dijkstra.swift */; };
		A50A440A2288511C000C18D3 /* LoaderViewController.swift in Sources */ = {isa = PBXBuildFile; fileRef = A50A44092288511C000C18D3 /* LoaderViewController.swift */; };
		A50A440C22885751000C18D3 /* MapViewModelTests.swift in Sources */ = {isa = PBXBuildFile; fileRef = A50A440B22885751000C18D3 /* MapViewModelTests.swift */; };
		A50A4410228876A9000C18D3 /* Map.storyboard in Resources */ = {isa = PBXBuildFile; fileRef = A50A440F228876A9000C18D3 /* Map.storyboard */; };
		A50A442922887887000C18D3 /* IQTextView.swift in Sources */ = {isa = PBXBuildFile; fileRef = A50A441322887887000C18D3 /* IQTextView.swift */; };
		A50A442A22887887000C18D3 /* IQPreviousNextView.swift in Sources */ = {isa = PBXBuildFile; fileRef = A50A441522887887000C18D3 /* IQPreviousNextView.swift */; };
		A50A442B22887887000C18D3 /* IQTitleBarButtonItem.swift in Sources */ = {isa = PBXBuildFile; fileRef = A50A441622887887000C18D3 /* IQTitleBarButtonItem.swift */; };
		A50A442C22887887000C18D3 /* IQBarButtonItem.swift in Sources */ = {isa = PBXBuildFile; fileRef = A50A441722887887000C18D3 /* IQBarButtonItem.swift */; };
		A50A442D22887887000C18D3 /* IQToolbar.swift in Sources */ = {isa = PBXBuildFile; fileRef = A50A441822887887000C18D3 /* IQToolbar.swift */; };
		A50A442E22887887000C18D3 /* IQUIView+IQKeyboardToolbar.swift in Sources */ = {isa = PBXBuildFile; fileRef = A50A441922887887000C18D3 /* IQUIView+IQKeyboardToolbar.swift */; };
		A50A442F22887887000C18D3 /* IQInvocation.swift in Sources */ = {isa = PBXBuildFile; fileRef = A50A441A22887887000C18D3 /* IQInvocation.swift */; };
		A50A443022887887000C18D3 /* IQKeyboardManagerConstantsInternal.swift in Sources */ = {isa = PBXBuildFile; fileRef = A50A441C22887887000C18D3 /* IQKeyboardManagerConstantsInternal.swift */; };
		A50A443122887887000C18D3 /* IQKeyboardManagerConstants.swift in Sources */ = {isa = PBXBuildFile; fileRef = A50A441D22887887000C18D3 /* IQKeyboardManagerConstants.swift */; };
		A50A443222887887000C18D3 /* IQKeyboardManager.bundle in Resources */ = {isa = PBXBuildFile; fileRef = A50A441F22887887000C18D3 /* IQKeyboardManager.bundle */; };
		A50A443322887887000C18D3 /* IQKeyboardReturnKeyHandler.swift in Sources */ = {isa = PBXBuildFile; fileRef = A50A442022887887000C18D3 /* IQKeyboardReturnKeyHandler.swift */; };
		A50A443422887887000C18D3 /* IQKeyboardManager.swift in Sources */ = {isa = PBXBuildFile; fileRef = A50A442122887887000C18D3 /* IQKeyboardManager.swift */; };
		A50A443522887887000C18D3 /* IQUIScrollView+Additions.swift in Sources */ = {isa = PBXBuildFile; fileRef = A50A442422887887000C18D3 /* IQUIScrollView+Additions.swift */; };
		A50A443622887887000C18D3 /* IQUIViewController+Additions.swift in Sources */ = {isa = PBXBuildFile; fileRef = A50A442522887887000C18D3 /* IQUIViewController+Additions.swift */; };
		A50A443722887887000C18D3 /* IQUITextFieldView+Additions.swift in Sources */ = {isa = PBXBuildFile; fileRef = A50A442622887887000C18D3 /* IQUITextFieldView+Additions.swift */; };
		A50A443822887887000C18D3 /* IQUIView+Hierarchy.swift in Sources */ = {isa = PBXBuildFile; fileRef = A50A442722887887000C18D3 /* IQUIView+Hierarchy.swift */; };
		A50A443922887887000C18D3 /* IQNSArray+Sort.swift in Sources */ = {isa = PBXBuildFile; fileRef = A50A442822887887000C18D3 /* IQNSArray+Sort.swift */; };
/* End PBXBuildFile section */

/* Begin PBXContainerItemProxy section */
		A50A43522286B6C7000C18D3 /* PBXContainerItemProxy */ = {
			isa = PBXContainerItemProxy;
			containerPortal = A50A43352286B6C7000C18D3 /* Project object */;
			proxyType = 1;
			remoteGlobalIDString = A50A433C2286B6C7000C18D3;
			remoteInfo = router;
		};
		A50A435D2286B6C7000C18D3 /* PBXContainerItemProxy */ = {
			isa = PBXContainerItemProxy;
			containerPortal = A50A43352286B6C7000C18D3 /* Project object */;
			proxyType = 1;
			remoteGlobalIDString = A50A433C2286B6C7000C18D3;
			remoteInfo = router;
		};
/* End PBXContainerItemProxy section */

/* Begin PBXFileReference section */
		A50A433D2286B6C7000C18D3 /* router.app */ = {isa = PBXFileReference; explicitFileType = wrapper.application; includeInIndex = 0; path = router.app; sourceTree = BUILT_PRODUCTS_DIR; };
		A50A43402286B6C7000C18D3 /* AppDelegate.swift */ = {isa = PBXFileReference; lastKnownFileType = sourcecode.swift; path = AppDelegate.swift; sourceTree = "<group>"; };
		A50A43422286B6C7000C18D3 /* ViewController.swift */ = {isa = PBXFileReference; lastKnownFileType = sourcecode.swift; path = ViewController.swift; sourceTree = "<group>"; };
		A50A43452286B6C7000C18D3 /* Base */ = {isa = PBXFileReference; lastKnownFileType = file.storyboard; name = Base; path = Base.lproj/Main.storyboard; sourceTree = "<group>"; };
		A50A43472286B6C7000C18D3 /* Assets.xcassets */ = {isa = PBXFileReference; lastKnownFileType = folder.assetcatalog; path = Assets.xcassets; sourceTree = "<group>"; };
		A50A434A2286B6C7000C18D3 /* Base */ = {isa = PBXFileReference; lastKnownFileType = file.storyboard; name = Base; path = Base.lproj/LaunchScreen.storyboard; sourceTree = "<group>"; };
		A50A434C2286B6C7000C18D3 /* Info.plist */ = {isa = PBXFileReference; lastKnownFileType = text.plist.xml; path = Info.plist; sourceTree = "<group>"; };
		A50A43512286B6C7000C18D3 /* routerTests.xctest */ = {isa = PBXFileReference; explicitFileType = wrapper.cfbundle; includeInIndex = 0; path = routerTests.xctest; sourceTree = BUILT_PRODUCTS_DIR; };
		A50A43572286B6C7000C18D3 /* Info.plist */ = {isa = PBXFileReference; lastKnownFileType = text.plist.xml; path = Info.plist; sourceTree = "<group>"; };
		A50A435C2286B6C7000C18D3 /* routerUITests.xctest */ = {isa = PBXFileReference; explicitFileType = wrapper.cfbundle; includeInIndex = 0; path = routerUITests.xctest; sourceTree = BUILT_PRODUCTS_DIR; };
		A50A43602286B6C7000C18D3 /* routerUITests.swift */ = {isa = PBXFileReference; lastKnownFileType = sourcecode.swift; path = routerUITests.swift; sourceTree = "<group>"; };
		A50A43622286B6C7000C18D3 /* Info.plist */ = {isa = PBXFileReference; lastKnownFileType = text.plist.xml; path = Info.plist; sourceTree = "<group>"; };
		A50A43782286BABC000C18D3 /* CSVImporter.h */ = {isa = PBXFileReference; fileEncoding = 4; lastKnownFileType = sourcecode.c.h; path = CSVImporter.h; sourceTree = "<group>"; };
		A50A437B2286BABC000C18D3 /* Source.swift */ = {isa = PBXFileReference; fileEncoding = 4; lastKnownFileType = sourcecode.swift; path = Source.swift; sourceTree = "<group>"; };
		A50A437C2286BABC000C18D3 /* TextFile.swift */ = {isa = PBXFileReference; fileEncoding = 4; lastKnownFileType = sourcecode.swift; path = TextFile.swift; sourceTree = "<group>"; };
		A50A437D2286BABC000C18D3 /* StringSource.swift */ = {isa = PBXFileReference; fileEncoding = 4; lastKnownFileType = sourcecode.swift; path = StringSource.swift; sourceTree = "<group>"; };
		A50A437E2286BABC000C18D3 /* CSVImporter.swift */ = {isa = PBXFileReference; fileEncoding = 4; lastKnownFileType = sourcecode.swift; path = CSVImporter.swift; sourceTree = "<group>"; };
		A50A437F2286BABC000C18D3 /* Globals.swift */ = {isa = PBXFileReference; fileEncoding = 4; lastKnownFileType = sourcecode.swift; path = Globals.swift; sourceTree = "<group>"; };
		A50A43802286BABC000C18D3 /* TextFileStreamReader.swift */ = {isa = PBXFileReference; fileEncoding = 4; lastKnownFileType = sourcecode.swift; path = TextFileStreamReader.swift; sourceTree = "<group>"; };
		A50A43812286BABC000C18D3 /* FileSource.swift */ = {isa = PBXFileReference; fileEncoding = 4; lastKnownFileType = sourcecode.swift; path = FileSource.swift; sourceTree = "<group>"; };
		A50A438D2286C090000C18D3 /* Route.swift */ = {isa = PBXFileReference; lastKnownFileType = sourcecode.swift; path = Route.swift; sourceTree = "<group>"; };
		A50A43912286C6A5000C18D3 /* CollectionExtension.swift */ = {isa = PBXFileReference; fileEncoding = 4; lastKnownFileType = sourcecode.swift; path = CollectionExtension.swift; sourceTree = "<group>"; };
		A50A43922286C6A5000C18D3 /* ComparableExtension.swift */ = {isa = PBXFileReference; fileEncoding = 4; lastKnownFileType = sourcecode.swift; path = ComparableExtension.swift; sourceTree = "<group>"; };
		A50A43932286C6A5000C18D3 /* ArrayExtension.swift */ = {isa = PBXFileReference; fileEncoding = 4; lastKnownFileType = sourcecode.swift; path = ArrayExtension.swift; sourceTree = "<group>"; };
		A50A43942286C6A5000C18D3 /* IntExtension.swift */ = {isa = PBXFileReference; fileEncoding = 4; lastKnownFileType = sourcecode.swift; path = IntExtension.swift; sourceTree = "<group>"; };
		A50A43952286C6A5000C18D3 /* TimeIntervalExtension.swift */ = {isa = PBXFileReference; fileEncoding = 4; lastKnownFileType = sourcecode.swift; path = TimeIntervalExtension.swift; sourceTree = "<group>"; };
		A50A43962286C6A5000C18D3 /* NSRangeExtension.swift */ = {isa = PBXFileReference; fileEncoding = 4; lastKnownFileType = sourcecode.swift; path = NSRangeExtension.swift; sourceTree = "<group>"; };
		A50A43972286C6A5000C18D3 /* StringExtension.swift */ = {isa = PBXFileReference; fileEncoding = 4; lastKnownFileType = sourcecode.swift; path = StringExtension.swift; sourceTree = "<group>"; };
		A50A43982286C6A5000C18D3 /* DictionaryExtension.swift */ = {isa = PBXFileReference; fileEncoding = 4; lastKnownFileType = sourcecode.swift; path = DictionaryExtension.swift; sourceTree = "<group>"; };
		A50A43992286C6A5000C18D3 /* DispatchTimeIntervalExtension.swift */ = {isa = PBXFileReference; fileEncoding = 4; lastKnownFileType = sourcecode.swift; path = DispatchTimeIntervalExtension.swift; sourceTree = "<group>"; };
		A50A439A2286C6A5000C18D3 /* HSGlobals.swift */ = {isa = PBXFileReference; fileEncoding = 4; lastKnownFileType = sourcecode.swift; path = HSGlobals.swift; sourceTree = "<group>"; };
		A50A439C2286C6A5000C18D3 /* FrequencyTable.swift */ = {isa = PBXFileReference; fileEncoding = 4; lastKnownFileType = sourcecode.swift; path = FrequencyTable.swift; sourceTree = "<group>"; };
		A50A439D2286C6A5000C18D3 /* Regex.swift */ = {isa = PBXFileReference; fileEncoding = 4; lastKnownFileType = sourcecode.swift; path = Regex.swift; sourceTree = "<group>"; };
		A50A439E2286C6A5000C18D3 /* Unowned.swift */ = {isa = PBXFileReference; fileEncoding = 4; lastKnownFileType = sourcecode.swift; path = Unowned.swift; sourceTree = "<group>"; };
		A50A439F2286C6A5000C18D3 /* SortedArray.swift */ = {isa = PBXFileReference; fileEncoding = 4; lastKnownFileType = sourcecode.swift; path = SortedArray.swift; sourceTree = "<group>"; };
		A50A43A02286C6A5000C18D3 /* Weak.swift */ = {isa = PBXFileReference; fileEncoding = 4; lastKnownFileType = sourcecode.swift; path = Weak.swift; sourceTree = "<group>"; };
		A50A43A22286C6A5000C18D3 /* Withable.swift */ = {isa = PBXFileReference; fileEncoding = 4; lastKnownFileType = sourcecode.swift; path = Withable.swift; sourceTree = "<group>"; };
		A50A43B32286C6B6000C18D3 /* HandySwift.h */ = {isa = PBXFileReference; fileEncoding = 4; lastKnownFileType = sourcecode.c.h; path = HandySwift.h; sourceTree = "<group>"; };
		A50A43B42286CB72000C18D3 /* Airline.swift */ = {isa = PBXFileReference; lastKnownFileType = sourcecode.swift; path = Airline.swift; sourceTree = "<group>"; };
		A50A43B62286D177000C18D3 /* Airport.swift */ = {isa = PBXFileReference; lastKnownFileType = sourcecode.swift; path = Airport.swift; sourceTree = "<group>"; };
		A50A43C02286ED4C000C18D3 /* MapViewController.swift */ = {isa = PBXFileReference; lastKnownFileType = sourcecode.swift; path = MapViewController.swift; sourceTree = "<group>"; };
		A50A43C22286EE0D000C18D3 /* RouteCollectionViewController.swift */ = {isa = PBXFileReference; lastKnownFileType = sourcecode.swift; path = RouteCollectionViewController.swift; sourceTree = "<group>"; };
		A50A43C42286F78F000C18D3 /* RouteCollectionViewModel.swift */ = {isa = PBXFileReference; lastKnownFileType = sourcecode.swift; path = RouteCollectionViewModel.swift; sourceTree = "<group>"; };
		A50A43C72286F9A2000C18D3 /* Observable.swift */ = {isa = PBXFileReference; lastKnownFileType = sourcecode.swift; path = Observable.swift; sourceTree = "<group>"; };
		A50A43CB22870883000C18D3 /* AirportTests.swift */ = {isa = PBXFileReference; lastKnownFileType = sourcecode.swift; path = AirportTests.swift; sourceTree = "<group>"; };
		A50A43CD228710A6000C18D3 /* AirlineTests.swift */ = {isa = PBXFileReference; lastKnownFileType = sourcecode.swift; path = AirlineTests.swift; sourceTree = "<group>"; };
		A50A43CF22871107000C18D3 /* RouteTests.swift */ = {isa = PBXFileReference; lastKnownFileType = sourcecode.swift; path = RouteTests.swift; sourceTree = "<group>"; };
		A50A43D1228713B0000C18D3 /* RouteCollectionViewModelTests.swift */ = {isa = PBXFileReference; lastKnownFileType = sourcecode.swift; path = RouteCollectionViewModelTests.swift; sourceTree = "<group>"; };
		A50A43DB228722E6000C18D3 /* routes.csv */ = {isa = PBXFileReference; fileEncoding = 4; lastKnownFileType = text; path = routes.csv; sourceTree = "<group>"; };
		A50A43DC228722E6000C18D3 /* airlines.csv */ = {isa = PBXFileReference; fileEncoding = 4; lastKnownFileType = text; path = airlines.csv; sourceTree = "<group>"; };
		A50A43DD228722E6000C18D3 /* airports.csv */ = {isa = PBXFileReference; fileEncoding = 4; lastKnownFileType = text; path = airports.csv; sourceTree = "<group>"; };
		A50A43E222872826000C18D3 /* DropDown.h */ = {isa = PBXFileReference; fileEncoding = 4; lastKnownFileType = sourcecode.c.h; path = DropDown.h; sourceTree = "<group>"; };
		A50A43E422872826000C18D3 /* DropDownCell.xib */ = {isa = PBXFileReference; fileEncoding = 4; lastKnownFileType = file.xib; path = DropDownCell.xib; sourceTree = "<group>"; };
		A50A43E622872826000C18D3 /* DPDKeyboardListener.swift */ = {isa = PBXFileReference; fileEncoding = 4; lastKnownFileType = sourcecode.swift; path = DPDKeyboardListener.swift; sourceTree = "<group>"; };
		A50A43E722872826000C18D3 /* DPDConstants.swift */ = {isa = PBXFileReference; fileEncoding = 4; lastKnownFileType = sourcecode.swift; path = DPDConstants.swift; sourceTree = "<group>"; };
		A50A43E822872826000C18D3 /* DPDUIView+Extension.swift */ = {isa = PBXFileReference; fileEncoding = 4; lastKnownFileType = sourcecode.swift; path = "DPDUIView+Extension.swift"; sourceTree = "<group>"; };
		A50A43EB22872826000C18D3 /* DropDown.swift */ = {isa = PBXFileReference; fileEncoding = 4; lastKnownFileType = sourcecode.swift; path = DropDown.swift; sourceTree = "<group>"; };
		A50A43EC22872826000C18D3 /* DropDownCell.swift */ = {isa = PBXFileReference; fileEncoding = 4; lastKnownFileType = sourcecode.swift; path = DropDownCell.swift; sourceTree = "<group>"; };
		A50A43ED22872826000C18D3 /* DropDown+Appearance.swift */ = {isa = PBXFileReference; fileEncoding = 4; lastKnownFileType = sourcecode.swift; path = "DropDown+Appearance.swift"; sourceTree = "<group>"; };
		A50A43F622873E9A000C18D3 /* UIViewController+Extensions.swift */ = {isa = PBXFileReference; lastKnownFileType = sourcecode.swift; path = "UIViewController+Extensions.swift"; sourceTree = "<group>"; };
		A50A43F822873EC9000C18D3 /* UIView+Extensions.swift */ = {isa = PBXFileReference; lastKnownFileType = sourcecode.swift; path = "UIView+Extensions.swift"; sourceTree = "<group>"; };
		A50A43FA22874595000C18D3 /* TEXTS.swift */ = {isa = PBXFileReference; lastKnownFileType = sourcecode.swift; path = TEXTS.swift; sourceTree = "<group>"; };
		A50A43FD2287C0DB000C18D3 /* Graph.swift */ = {isa = PBXFileReference; lastKnownFileType = sourcecode.swift; path = Graph.swift; sourceTree = "<group>"; };
		A50A43FF2287C35A000C18D3 /* AdjacencyList.swift */ = {isa = PBXFileReference; lastKnownFileType = sourcecode.swift; path = AdjacencyList.swift; sourceTree = "<group>"; };
		A50A44012287C50C000C18D3 /* Vertex.swift */ = {isa = PBXFileReference; lastKnownFileType = sourcecode.swift; path = Vertex.swift; sourceTree = "<group>"; };
		A50A44032287C539000C18D3 /* Edge.swift */ = {isa = PBXFileReference; lastKnownFileType = sourcecode.swift; path = Edge.swift; sourceTree = "<group>"; };
		A50A44052287C96A000C18D3 /* MapViewModel.swift */ = {isa = PBXFileReference; lastKnownFileType = sourcecode.swift; path = MapViewModel.swift; sourceTree = "<group>"; };
		A50A44072287FD46000C18D3 /* Dijkstra.swift */ = {isa = PBXFileReference; lastKnownFileType = sourcecode.swift; path = Dijkstra.swift; sourceTree = "<group>"; };
		A50A44092288511C000C18D3 /* LoaderViewController.swift */ = {isa = PBXFileReference; lastKnownFileType = sourcecode.swift; path = LoaderViewController.swift; sourceTree = "<group>"; };
		A50A440B22885751000C18D3 /* MapViewModelTests.swift */ = {isa = PBXFileReference; lastKnownFileType = sourcecode.swift; path = MapViewModelTests.swift; sourceTree = "<group>"; };
		A50A440F228876A9000C18D3 /* Map.storyboard */ = {isa = PBXFileReference; fileEncoding = 4; lastKnownFileType = file.storyboard; path = Map.storyboard; sourceTree = "<group>"; };
		A50A441322887887000C18D3 /* IQTextView.swift */ = {isa = PBXFileReference; fileEncoding = 4; lastKnownFileType = sourcecode.swift; path = IQTextView.swift; sourceTree = "<group>"; };
		A50A441522887887000C18D3 /* IQPreviousNextView.swift */ = {isa = PBXFileReference; fileEncoding = 4; lastKnownFileType = sourcecode.swift; path = IQPreviousNextView.swift; sourceTree = "<group>"; };
		A50A441622887887000C18D3 /* IQTitleBarButtonItem.swift */ = {isa = PBXFileReference; fileEncoding = 4; lastKnownFileType = sourcecode.swift; path = IQTitleBarButtonItem.swift; sourceTree = "<group>"; };
		A50A441722887887000C18D3 /* IQBarButtonItem.swift */ = {isa = PBXFileReference; fileEncoding = 4; lastKnownFileType = sourcecode.swift; path = IQBarButtonItem.swift; sourceTree = "<group>"; };
		A50A441822887887000C18D3 /* IQToolbar.swift */ = {isa = PBXFileReference; fileEncoding = 4; lastKnownFileType = sourcecode.swift; path = IQToolbar.swift; sourceTree = "<group>"; };
		A50A441922887887000C18D3 /* IQUIView+IQKeyboardToolbar.swift */ = {isa = PBXFileReference; fileEncoding = 4; lastKnownFileType = sourcecode.swift; path = "IQUIView+IQKeyboardToolbar.swift"; sourceTree = "<group>"; };
		A50A441A22887887000C18D3 /* IQInvocation.swift */ = {isa = PBXFileReference; fileEncoding = 4; lastKnownFileType = sourcecode.swift; path = IQInvocation.swift; sourceTree = "<group>"; };
		A50A441C22887887000C18D3 /* IQKeyboardManagerConstantsInternal.swift */ = {isa = PBXFileReference; fileEncoding = 4; lastKnownFileType = sourcecode.swift; path = IQKeyboardManagerConstantsInternal.swift; sourceTree = "<group>"; };
		A50A441D22887887000C18D3 /* IQKeyboardManagerConstants.swift */ = {isa = PBXFileReference; fileEncoding = 4; lastKnownFileType = sourcecode.swift; path = IQKeyboardManagerConstants.swift; sourceTree = "<group>"; };
		A50A441F22887887000C18D3 /* IQKeyboardManager.bundle */ = {isa = PBXFileReference; lastKnownFileType = "wrapper.plug-in"; path = IQKeyboardManager.bundle; sourceTree = "<group>"; };
		A50A442022887887000C18D3 /* IQKeyboardReturnKeyHandler.swift */ = {isa = PBXFileReference; fileEncoding = 4; lastKnownFileType = sourcecode.swift; path = IQKeyboardReturnKeyHandler.swift; sourceTree = "<group>"; };
		A50A442122887887000C18D3 /* IQKeyboardManager.swift */ = {isa = PBXFileReference; fileEncoding = 4; lastKnownFileType = sourcecode.swift; path = IQKeyboardManager.swift; sourceTree = "<group>"; };
		A50A442222887887000C18D3 /* IQKeyboardManagerSwift.h */ = {isa = PBXFileReference; fileEncoding = 4; lastKnownFileType = sourcecode.c.h; path = IQKeyboardManagerSwift.h; sourceTree = "<group>"; };
		A50A442422887887000C18D3 /* IQUIScrollView+Additions.swift */ = {isa = PBXFileReference; fileEncoding = 4; lastKnownFileType = sourcecode.swift; path = "IQUIScrollView+Additions.swift"; sourceTree = "<group>"; };
		A50A442522887887000C18D3 /* IQUIViewController+Additions.swift */ = {isa = PBXFileReference; fileEncoding = 4; lastKnownFileType = sourcecode.swift; path = "IQUIViewController+Additions.swift"; sourceTree = "<group>"; };
		A50A442622887887000C18D3 /* IQUITextFieldView+Additions.swift */ = {isa = PBXFileReference; fileEncoding = 4; lastKnownFileType = sourcecode.swift; path = "IQUITextFieldView+Additions.swift"; sourceTree = "<group>"; };
		A50A442722887887000C18D3 /* IQUIView+Hierarchy.swift */ = {isa = PBXFileReference; fileEncoding = 4; lastKnownFileType = sourcecode.swift; path = "IQUIView+Hierarchy.swift"; sourceTree = "<group>"; };
		A50A442822887887000C18D3 /* IQNSArray+Sort.swift */ = {isa = PBXFileReference; fileEncoding = 4; lastKnownFileType = sourcecode.swift; path = "IQNSArray+Sort.swift"; sourceTree = "<group>"; };
/* End PBXFileReference section */

/* Begin PBXFrameworksBuildPhase section */
		A50A433A2286B6C7000C18D3 /* Frameworks */ = {
			isa = PBXFrameworksBuildPhase;
			buildActionMask = 2147483647;
			files = (
			);
			runOnlyForDeploymentPostprocessing = 0;
		};
		A50A434E2286B6C7000C18D3 /* Frameworks */ = {
			isa = PBXFrameworksBuildPhase;
			buildActionMask = 2147483647;
			files = (
			);
			runOnlyForDeploymentPostprocessing = 0;
		};
		A50A43592286B6C7000C18D3 /* Frameworks */ = {
			isa = PBXFrameworksBuildPhase;
			buildActionMask = 2147483647;
			files = (
			);
			runOnlyForDeploymentPostprocessing = 0;
		};
/* End PBXFrameworksBuildPhase section */

/* Begin PBXGroup section */
		A50A43342286B6C7000C18D3 = {
			isa = PBXGroup;
			children = (
				A50A433F2286B6C7000C18D3 /* router */,
				A50A43542286B6C7000C18D3 /* routerTests */,
				A50A435F2286B6C7000C18D3 /* routerUITests */,
				A50A433E2286B6C7000C18D3 /* Products */,
			);
			sourceTree = "<group>";
		};
		A50A433E2286B6C7000C18D3 /* Products */ = {
			isa = PBXGroup;
			children = (
				A50A433D2286B6C7000C18D3 /* router.app */,
				A50A43512286B6C7000C18D3 /* routerTests.xctest */,
				A50A435C2286B6C7000C18D3 /* routerUITests.xctest */,
			);
			name = Products;
			sourceTree = "<group>";
		};
		A50A433F2286B6C7000C18D3 /* router */ = {
			isa = PBXGroup;
			children = (
				A50A43FC2287C0BB000C18D3 /* Graph */,
				A50A43DA228722E6000C18D3 /* data */,
				A50A43C62286F96F000C18D3 /* Common */,
				A50A43B82286ECDA000C18D3 /* Features */,
				A50A438C2286C084000C18D3 /* Models */,
				A50A43752286BA41000C18D3 /* Vendors */,
				A50A43402286B6C7000C18D3 /* AppDelegate.swift */,
				A50A43422286B6C7000C18D3 /* ViewController.swift */,
				A50A43442286B6C7000C18D3 /* Main.storyboard */,
				A50A43472286B6C7000C18D3 /* Assets.xcassets */,
				A50A43492286B6C7000C18D3 /* LaunchScreen.storyboard */,
				A50A434C2286B6C7000C18D3 /* Info.plist */,
			);
			path = router;
			sourceTree = "<group>";
		};
		A50A43542286B6C7000C18D3 /* routerTests */ = {
			isa = PBXGroup;
			children = (
				A50A43572286B6C7000C18D3 /* Info.plist */,
				A50A43CB22870883000C18D3 /* AirportTests.swift */,
				A50A43CD228710A6000C18D3 /* AirlineTests.swift */,
				A50A43CF22871107000C18D3 /* RouteTests.swift */,
				A50A43D1228713B0000C18D3 /* RouteCollectionViewModelTests.swift */,
				A50A440B22885751000C18D3 /* MapViewModelTests.swift */,
			);
			path = routerTests;
			sourceTree = "<group>";
		};
		A50A435F2286B6C7000C18D3 /* routerUITests */ = {
			isa = PBXGroup;
			children = (
				A50A43602286B6C7000C18D3 /* routerUITests.swift */,
				A50A43622286B6C7000C18D3 /* Info.plist */,
			);
			path = routerUITests;
			sourceTree = "<group>";
		};
		A50A43752286BA41000C18D3 /* Vendors */ = {
			isa = PBXGroup;
			children = (
				A50A441122887887000C18D3 /* IQKeyboardManagerSwift */,
				A50A43E122872826000C18D3 /* DropDown */,
				A50A43762286BAAD000C18D3 /* CSV */,
			);
			path = Vendors;
			sourceTree = "<group>";
		};
		A50A43762286BAAD000C18D3 /* CSV */ = {
			isa = PBXGroup;
			children = (
				A50A438F2286C6A5000C18D3 /* HandySwift */,
				A50A437A2286BABC000C18D3 /* CSVImporter */,
				A50A43772286BABC000C18D3 /* SupportingFiles */,
			);
			path = CSV;
			sourceTree = "<group>";
		};
		A50A43772286BABC000C18D3 /* SupportingFiles */ = {
			isa = PBXGroup;
			children = (
				A50A43B32286C6B6000C18D3 /* HandySwift.h */,
				A50A43782286BABC000C18D3 /* CSVImporter.h */,
			);
			path = SupportingFiles;
			sourceTree = "<group>";
		};
		A50A437A2286BABC000C18D3 /* CSVImporter */ = {
			isa = PBXGroup;
			children = (
				A50A437B2286BABC000C18D3 /* Source.swift */,
				A50A437C2286BABC000C18D3 /* TextFile.swift */,
				A50A437D2286BABC000C18D3 /* StringSource.swift */,
				A50A437E2286BABC000C18D3 /* CSVImporter.swift */,
				A50A437F2286BABC000C18D3 /* Globals.swift */,
				A50A43802286BABC000C18D3 /* TextFileStreamReader.swift */,
				A50A43812286BABC000C18D3 /* FileSource.swift */,
			);
			path = CSVImporter;
			sourceTree = "<group>";
		};
		A50A438C2286C084000C18D3 /* Models */ = {
			isa = PBXGroup;
			children = (
				A50A438D2286C090000C18D3 /* Route.swift */,
				A50A43B42286CB72000C18D3 /* Airline.swift */,
				A50A43B62286D177000C18D3 /* Airport.swift */,
			);
			path = Models;
			sourceTree = "<group>";
		};
		A50A438F2286C6A5000C18D3 /* HandySwift */ = {
			isa = PBXGroup;
			children = (
				A50A43902286C6A5000C18D3 /* Extensions */,
				A50A439A2286C6A5000C18D3 /* HSGlobals.swift */,
				A50A439B2286C6A5000C18D3 /* Structs */,
				A50A43A12286C6A5000C18D3 /* Protocols */,
			);
			path = HandySwift;
			sourceTree = "<group>";
		};
		A50A43902286C6A5000C18D3 /* Extensions */ = {
			isa = PBXGroup;
			children = (
				A50A43912286C6A5000C18D3 /* CollectionExtension.swift */,
				A50A43922286C6A5000C18D3 /* ComparableExtension.swift */,
				A50A43932286C6A5000C18D3 /* ArrayExtension.swift */,
				A50A43942286C6A5000C18D3 /* IntExtension.swift */,
				A50A43952286C6A5000C18D3 /* TimeIntervalExtension.swift */,
				A50A43962286C6A5000C18D3 /* NSRangeExtension.swift */,
				A50A43972286C6A5000C18D3 /* StringExtension.swift */,
				A50A43982286C6A5000C18D3 /* DictionaryExtension.swift */,
				A50A43992286C6A5000C18D3 /* DispatchTimeIntervalExtension.swift */,
			);
			path = Extensions;
			sourceTree = "<group>";
		};
		A50A439B2286C6A5000C18D3 /* Structs */ = {
			isa = PBXGroup;
			children = (
				A50A439C2286C6A5000C18D3 /* FrequencyTable.swift */,
				A50A439D2286C6A5000C18D3 /* Regex.swift */,
				A50A439E2286C6A5000C18D3 /* Unowned.swift */,
				A50A439F2286C6A5000C18D3 /* SortedArray.swift */,
				A50A43A02286C6A5000C18D3 /* Weak.swift */,
			);
			path = Structs;
			sourceTree = "<group>";
		};
		A50A43A12286C6A5000C18D3 /* Protocols */ = {
			isa = PBXGroup;
			children = (
				A50A43A22286C6A5000C18D3 /* Withable.swift */,
			);
			path = Protocols;
			sourceTree = "<group>";
		};
		A50A43B82286ECDA000C18D3 /* Features */ = {
			isa = PBXGroup;
			children = (
				A50A43B92286ECDA000C18D3 /* Map */,
			);
			path = Features;
			sourceTree = "<group>";
		};
		A50A43B92286ECDA000C18D3 /* Map */ = {
			isa = PBXGroup;
			children = (
				A50A43BA2286ECDA000C18D3 /* Storyboards */,
				A50A43BB2286ECDA000C18D3 /* ViewModels */,
				A50A43BC2286ECDA000C18D3 /* Controllers */,
				A50A43BD2286ECDA000C18D3 /* Views */,
			);
			path = Map;
			sourceTree = "<group>";
		};
		A50A43BA2286ECDA000C18D3 /* Storyboards */ = {
			isa = PBXGroup;
			children = (
				A50A440F228876A9000C18D3 /* Map.storyboard */,
			);
			path = Storyboards;
			sourceTree = "<group>";
		};
		A50A43BB2286ECDA000C18D3 /* ViewModels */ = {
			isa = PBXGroup;
			children = (
				A50A43C42286F78F000C18D3 /* RouteCollectionViewModel.swift */,
				A50A44052287C96A000C18D3 /* MapViewModel.swift */,
			);
			path = ViewModels;
			sourceTree = "<group>";
		};
		A50A43BC2286ECDA000C18D3 /* Controllers */ = {
			isa = PBXGroup;
			children = (
				A50A43C02286ED4C000C18D3 /* MapViewController.swift */,
				A50A43C22286EE0D000C18D3 /* RouteCollectionViewController.swift */,
				A50A44092288511C000C18D3 /* LoaderViewController.swift */,
			);
			path = Controllers;
			sourceTree = "<group>";
		};
		A50A43BD2286ECDA000C18D3 /* Views */ = {
			isa = PBXGroup;
			children = (
			);
			path = Views;
			sourceTree = "<group>";
		};
		A50A43C62286F96F000C18D3 /* Common */ = {
			isa = PBXGroup;
			children = (
				A50A43C72286F9A2000C18D3 /* Observable.swift */,
				A50A43F622873E9A000C18D3 /* UIViewController+Extensions.swift */,
				A50A43F822873EC9000C18D3 /* UIView+Extensions.swift */,
				A50A43FA22874595000C18D3 /* TEXTS.swift */,
			);
			path = Common;
			sourceTree = "<group>";
		};
		A50A43DA228722E6000C18D3 /* data */ = {
			isa = PBXGroup;
			children = (
				A50A43DB228722E6000C18D3 /* routes.csv */,
				A50A43DC228722E6000C18D3 /* airlines.csv */,
				A50A43DD228722E6000C18D3 /* airports.csv */,
			);
			path = data;
			sourceTree = "<group>";
		};
		A50A43E122872826000C18D3 /* DropDown */ = {
			isa = PBXGroup;
			children = (
				A50A43E222872826000C18D3 /* DropDown.h */,
				A50A43E322872826000C18D3 /* resources */,
				A50A43E522872826000C18D3 /* helpers */,
				A50A43EA22872826000C18D3 /* src */,
			);
			path = DropDown;
			sourceTree = "<group>";
		};
		A50A43E322872826000C18D3 /* resources */ = {
			isa = PBXGroup;
			children = (
				A50A43E422872826000C18D3 /* DropDownCell.xib */,
			);
			path = resources;
			sourceTree = "<group>";
		};
		A50A43E522872826000C18D3 /* helpers */ = {
			isa = PBXGroup;
			children = (
				A50A43E622872826000C18D3 /* DPDKeyboardListener.swift */,
				A50A43E722872826000C18D3 /* DPDConstants.swift */,
				A50A43E822872826000C18D3 /* DPDUIView+Extension.swift */,
			);
			path = helpers;
			sourceTree = "<group>";
		};
		A50A43EA22872826000C18D3 /* src */ = {
			isa = PBXGroup;
			children = (
				A50A43EB22872826000C18D3 /* DropDown.swift */,
				A50A43EC22872826000C18D3 /* DropDownCell.swift */,
				A50A43ED22872826000C18D3 /* DropDown+Appearance.swift */,
			);
			path = src;
			sourceTree = "<group>";
		};
		A50A43FC2287C0BB000C18D3 /* Graph */ = {
			isa = PBXGroup;
			children = (
				A50A43FD2287C0DB000C18D3 /* Graph.swift */,
				A50A43FF2287C35A000C18D3 /* AdjacencyList.swift */,
				A50A44012287C50C000C18D3 /* Vertex.swift */,
				A50A44032287C539000C18D3 /* Edge.swift */,
				A50A44072287FD46000C18D3 /* Dijkstra.swift */,
			);
			path = Graph;
			sourceTree = "<group>";
		};
		A50A441122887887000C18D3 /* IQKeyboardManagerSwift */ = {
			isa = PBXGroup;
			children = (
				A50A441222887887000C18D3 /* IQTextView */,
				A50A441422887887000C18D3 /* IQToolbar */,
				A50A441B22887887000C18D3 /* Constants */,
				A50A441E22887887000C18D3 /* Resources */,
				A50A442022887887000C18D3 /* IQKeyboardReturnKeyHandler.swift */,
				A50A442122887887000C18D3 /* IQKeyboardManager.swift */,
				A50A442222887887000C18D3 /* IQKeyboardManagerSwift.h */,
				A50A442322887887000C18D3 /* Categories */,
			);
			path = IQKeyboardManagerSwift;
			sourceTree = "<group>";
		};
		A50A441222887887000C18D3 /* IQTextView */ = {
			isa = PBXGroup;
			children = (
				A50A441322887887000C18D3 /* IQTextView.swift */,
			);
			path = IQTextView;
			sourceTree = "<group>";
		};
		A50A441422887887000C18D3 /* IQToolbar */ = {
			isa = PBXGroup;
			children = (
				A50A441522887887000C18D3 /* IQPreviousNextView.swift */,
				A50A441622887887000C18D3 /* IQTitleBarButtonItem.swift */,
				A50A441722887887000C18D3 /* IQBarButtonItem.swift */,
				A50A441822887887000C18D3 /* IQToolbar.swift */,
				A50A441922887887000C18D3 /* IQUIView+IQKeyboardToolbar.swift */,
				A50A441A22887887000C18D3 /* IQInvocation.swift */,
			);
			path = IQToolbar;
			sourceTree = "<group>";
		};
		A50A441B22887887000C18D3 /* Constants */ = {
			isa = PBXGroup;
			children = (
				A50A441C22887887000C18D3 /* IQKeyboardManagerConstantsInternal.swift */,
				A50A441D22887887000C18D3 /* IQKeyboardManagerConstants.swift */,
			);
			path = Constants;
			sourceTree = "<group>";
		};
		A50A441E22887887000C18D3 /* Resources */ = {
			isa = PBXGroup;
			children = (
				A50A441F22887887000C18D3 /* IQKeyboardManager.bundle */,
			);
			path = Resources;
			sourceTree = "<group>";
		};
		A50A442322887887000C18D3 /* Categories */ = {
			isa = PBXGroup;
			children = (
				A50A442422887887000C18D3 /* IQUIScrollView+Additions.swift */,
				A50A442522887887000C18D3 /* IQUIViewController+Additions.swift */,
				A50A442622887887000C18D3 /* IQUITextFieldView+Additions.swift */,
				A50A442722887887000C18D3 /* IQUIView+Hierarchy.swift */,
				A50A442822887887000C18D3 /* IQNSArray+Sort.swift */,
			);
			path = Categories;
			sourceTree = "<group>";
		};
/* End PBXGroup section */

/* Begin PBXNativeTarget section */
		A50A433C2286B6C7000C18D3 /* router */ = {
			isa = PBXNativeTarget;
			buildConfigurationList = A50A43652286B6C7000C18D3 /* Build configuration list for PBXNativeTarget "router" */;
			buildPhases = (
				A50A43392286B6C7000C18D3 /* Sources */,
				A50A433A2286B6C7000C18D3 /* Frameworks */,
				A50A433B2286B6C7000C18D3 /* Resources */,
			);
			buildRules = (
			);
			dependencies = (
			);
			name = router;
			productName = router;
			productReference = A50A433D2286B6C7000C18D3 /* router.app */;
			productType = "com.apple.product-type.application";
		};
		A50A43502286B6C7000C18D3 /* routerTests */ = {
			isa = PBXNativeTarget;
			buildConfigurationList = A50A43682286B6C7000C18D3 /* Build configuration list for PBXNativeTarget "routerTests" */;
			buildPhases = (
				A50A434D2286B6C7000C18D3 /* Sources */,
				A50A434E2286B6C7000C18D3 /* Frameworks */,
				A50A434F2286B6C7000C18D3 /* Resources */,
			);
			buildRules = (
			);
			dependencies = (
				A50A43532286B6C7000C18D3 /* PBXTargetDependency */,
			);
			name = routerTests;
			productName = routerTests;
			productReference = A50A43512286B6C7000C18D3 /* routerTests.xctest */;
			productType = "com.apple.product-type.bundle.unit-test";
		};
		A50A435B2286B6C7000C18D3 /* routerUITests */ = {
			isa = PBXNativeTarget;
			buildConfigurationList = A50A436B2286B6C7000C18D3 /* Build configuration list for PBXNativeTarget "routerUITests" */;
			buildPhases = (
				A50A43582286B6C7000C18D3 /* Sources */,
				A50A43592286B6C7000C18D3 /* Frameworks */,
				A50A435A2286B6C7000C18D3 /* Resources */,
			);
			buildRules = (
			);
			dependencies = (
				A50A435E2286B6C7000C18D3 /* PBXTargetDependency */,
			);
			name = routerUITests;
			productName = routerUITests;
			productReference = A50A435C2286B6C7000C18D3 /* routerUITests.xctest */;
			productType = "com.apple.product-type.bundle.ui-testing";
		};
/* End PBXNativeTarget section */

/* Begin PBXProject section */
		A50A43352286B6C7000C18D3 /* Project object */ = {
			isa = PBXProject;
			attributes = {
				LastSwiftUpdateCheck = 1020;
				LastUpgradeCheck = 1020;
				ORGANIZATIONNAME = Guestlogix;
				TargetAttributes = {
					A50A433C2286B6C7000C18D3 = {
						CreatedOnToolsVersion = 10.2;
					};
					A50A43502286B6C7000C18D3 = {
						CreatedOnToolsVersion = 10.2;
						TestTargetID = A50A433C2286B6C7000C18D3;
					};
					A50A435B2286B6C7000C18D3 = {
						CreatedOnToolsVersion = 10.2;
						TestTargetID = A50A433C2286B6C7000C18D3;
					};
				};
			};
			buildConfigurationList = A50A43382286B6C7000C18D3 /* Build configuration list for PBXProject "router" */;
			compatibilityVersion = "Xcode 9.3";
			developmentRegion = en;
			hasScannedForEncodings = 0;
			knownRegions = (
				en,
				Base,
			);
			mainGroup = A50A43342286B6C7000C18D3;
			productRefGroup = A50A433E2286B6C7000C18D3 /* Products */;
			projectDirPath = "";
			projectRoot = "";
			targets = (
				A50A433C2286B6C7000C18D3 /* router */,
				A50A43502286B6C7000C18D3 /* routerTests */,
				A50A435B2286B6C7000C18D3 /* routerUITests */,
			);
		};
/* End PBXProject section */

/* Begin PBXResourcesBuildPhase section */
		A50A433B2286B6C7000C18D3 /* Resources */ = {
			isa = PBXResourcesBuildPhase;
			buildActionMask = 2147483647;
			files = (
				A50A43DE228722E6000C18D3 /* routes.csv in Resources */,
				A50A43E0228722E6000C18D3 /* airports.csv in Resources */,
				A50A434B2286B6C7000C18D3 /* LaunchScreen.storyboard in Resources */,
				A50A4410228876A9000C18D3 /* Map.storyboard in Resources */,
				A50A43482286B6C7000C18D3 /* Assets.xcassets in Resources */,
				A50A43462286B6C7000C18D3 /* Main.storyboard in Resources */,
				A50A43EE22872826000C18D3 /* DropDownCell.xib in Resources */,
				A50A43DF228722E6000C18D3 /* airlines.csv in Resources */,
				A50A443222887887000C18D3 /* IQKeyboardManager.bundle in Resources */,
			);
			runOnlyForDeploymentPostprocessing = 0;
		};
		A50A434F2286B6C7000C18D3 /* Resources */ = {
			isa = PBXResourcesBuildPhase;
			buildActionMask = 2147483647;
			files = (
			);
			runOnlyForDeploymentPostprocessing = 0;
		};
		A50A435A2286B6C7000C18D3 /* Resources */ = {
			isa = PBXResourcesBuildPhase;
			buildActionMask = 2147483647;
			files = (
			);
			runOnlyForDeploymentPostprocessing = 0;
		};
/* End PBXResourcesBuildPhase section */

/* Begin PBXSourcesBuildPhase section */
		A50A43392286B6C7000C18D3 /* Sources */ = {
			isa = PBXSourcesBuildPhase;
			buildActionMask = 2147483647;
			files = (
				A50A43A32286C6A5000C18D3 /* CollectionExtension.swift in Sources */,
				A50A43AD2286C6A5000C18D3 /* FrequencyTable.swift in Sources */,
				A50A43AB2286C6A5000C18D3 /* DispatchTimeIntervalExtension.swift in Sources */,
				A50A43EF22872826000C18D3 /* DPDKeyboardListener.swift in Sources */,
				A50A443822887887000C18D3 /* IQUIView+Hierarchy.swift in Sources */,
				A50A443322887887000C18D3 /* IQKeyboardReturnKeyHandler.swift in Sources */,
				A50A43F122872826000C18D3 /* DPDUIView+Extension.swift in Sources */,
				A50A442D22887887000C18D3 /* IQToolbar.swift in Sources */,
				A50A43A72286C6A5000C18D3 /* TimeIntervalExtension.swift in Sources */,
				A50A442A22887887000C18D3 /* IQPreviousNextView.swift in Sources */,
				A50A43B02286C6A5000C18D3 /* SortedArray.swift in Sources */,
				A50A43852286BABC000C18D3 /* StringSource.swift in Sources */,
				A50A44042287C539000C18D3 /* Edge.swift in Sources */,
				A50A43B52286CB72000C18D3 /* Airline.swift in Sources */,
				A50A43882286BABC000C18D3 /* TextFileStreamReader.swift in Sources */,
				A50A443122887887000C18D3 /* IQKeyboardManagerConstants.swift in Sources */,
				A50A44062287C96A000C18D3 /* MapViewModel.swift in Sources */,
				A50A43B12286C6A5000C18D3 /* Weak.swift in Sources */,
				A50A43C52286F78F000C18D3 /* RouteCollectionViewModel.swift in Sources */,
				A50A43A42286C6A5000C18D3 /* ComparableExtension.swift in Sources */,
				A50A43432286B6C7000C18D3 /* ViewController.swift in Sources */,
				A50A438E2286C090000C18D3 /* Route.swift in Sources */,
				A50A43B22286C6A5000C18D3 /* Withable.swift in Sources */,
				A50A43AC2286C6A5000C18D3 /* HSGlobals.swift in Sources */,
				A50A43862286BABC000C18D3 /* CSVImporter.swift in Sources */,
				A50A442922887887000C18D3 /* IQTextView.swift in Sources */,
				A50A442C22887887000C18D3 /* IQBarButtonItem.swift in Sources */,
				A50A43C82286F9A2000C18D3 /* Observable.swift in Sources */,
				A50A44002287C35A000C18D3 /* AdjacencyList.swift in Sources */,
				A50A43A92286C6A5000C18D3 /* StringExtension.swift in Sources */,
				A50A43F422872826000C18D3 /* DropDownCell.swift in Sources */,
				A50A43AA2286C6A5000C18D3 /* DictionaryExtension.swift in Sources */,
				A50A43F922873EC9000C18D3 /* UIView+Extensions.swift in Sources */,
				A50A443722887887000C18D3 /* IQUITextFieldView+Additions.swift in Sources */,
				A50A43B72286D177000C18D3 /* Airport.swift in Sources */,
				A50A443422887887000C18D3 /* IQKeyboardManager.swift in Sources */,
				A50A43C32286EE0D000C18D3 /* RouteCollectionViewController.swift in Sources */,
				A50A43FB22874595000C18D3 /* TEXTS.swift in Sources */,
				A50A43412286B6C7000C18D3 /* AppDelegate.swift in Sources */,
				A50A442F22887887000C18D3 /* IQInvocation.swift in Sources */,
				A50A43842286BABC000C18D3 /* TextFile.swift in Sources */,
				A50A43A62286C6A5000C18D3 /* IntExtension.swift in Sources */,
				A50A442E22887887000C18D3 /* IQUIView+IQKeyboardToolbar.swift in Sources */,
				A50A43F322872826000C18D3 /* DropDown.swift in Sources */,
				A50A43FE2287C0DB000C18D3 /* Graph.swift in Sources */,
				A50A43F722873E9A000C18D3 /* UIViewController+Extensions.swift in Sources */,
				A50A43F522872826000C18D3 /* DropDown+Appearance.swift in Sources */,
				A50A43872286BABC000C18D3 /* Globals.swift in Sources */,
				A50A443022887887000C18D3 /* IQKeyboardManagerConstantsInternal.swift in Sources */,
				A50A43A82286C6A5000C18D3 /* NSRangeExtension.swift in Sources */,
				A50A43832286BABC000C18D3 /* Source.swift in Sources */,
				A50A44022287C50C000C18D3 /* Vertex.swift in Sources */,
				A50A43F022872826000C18D3 /* DPDConstants.swift in Sources */,
				A50A443622887887000C18D3 /* IQUIViewController+Additions.swift in Sources */,
				A50A44082287FD46000C18D3 /* Dijkstra.swift in Sources */,
				A50A43892286BABC000C18D3 /* FileSource.swift in Sources */,
				A50A443522887887000C18D3 /* IQUIScrollView+Additions.swift in Sources */,
				A50A440A2288511C000C18D3 /* LoaderViewController.swift in Sources */,
				A50A43A52286C6A5000C18D3 /* ArrayExtension.swift in Sources */,
				A50A43AF2286C6A5000C18D3 /* Unowned.swift in Sources */,
				A50A443922887887000C18D3 /* IQNSArray+Sort.swift in Sources */,
				A50A442B22887887000C18D3 /* IQTitleBarButtonItem.swift in Sources */,
				A50A43C12286ED4C000C18D3 /* MapViewController.swift in Sources */,
				A50A43AE2286C6A5000C18D3 /* Regex.swift in Sources */,
			);
			runOnlyForDeploymentPostprocessing = 0;
		};
		A50A434D2286B6C7000C18D3 /* Sources */ = {
			isa = PBXSourcesBuildPhase;
			buildActionMask = 2147483647;
			files = (
				A50A43D2228713B0000C18D3 /* RouteCollectionViewModelTests.swift in Sources */,
				A50A43D022871107000C18D3 /* RouteTests.swift in Sources */,
				A50A43CE228710A6000C18D3 /* AirlineTests.swift in Sources */,
				A50A440C22885751000C18D3 /* MapViewModelTests.swift in Sources */,
				A50A43CC22870883000C18D3 /* AirportTests.swift in Sources */,
			);
			runOnlyForDeploymentPostprocessing = 0;
		};
		A50A43582286B6C7000C18D3 /* Sources */ = {
			isa = PBXSourcesBuildPhase;
			buildActionMask = 2147483647;
			files = (
				A50A43612286B6C7000C18D3 /* routerUITests.swift in Sources */,
			);
			runOnlyForDeploymentPostprocessing = 0;
		};
/* End PBXSourcesBuildPhase section */

/* Begin PBXTargetDependency section */
		A50A43532286B6C7000C18D3 /* PBXTargetDependency */ = {
			isa = PBXTargetDependency;
			target = A50A433C2286B6C7000C18D3 /* router */;
			targetProxy = A50A43522286B6C7000C18D3 /* PBXContainerItemProxy */;
		};
		A50A435E2286B6C7000C18D3 /* PBXTargetDependency */ = {
			isa = PBXTargetDependency;
			target = A50A433C2286B6C7000C18D3 /* router */;
			targetProxy = A50A435D2286B6C7000C18D3 /* PBXContainerItemProxy */;
		};
/* End PBXTargetDependency section */

/* Begin PBXVariantGroup section */
		A50A43442286B6C7000C18D3 /* Main.storyboard */ = {
			isa = PBXVariantGroup;
			children = (
				A50A43452286B6C7000C18D3 /* Base */,
			);
			name = Main.storyboard;
			sourceTree = "<group>";
		};
		A50A43492286B6C7000C18D3 /* LaunchScreen.storyboard */ = {
			isa = PBXVariantGroup;
			children = (
				A50A434A2286B6C7000C18D3 /* Base */,
			);
			name = LaunchScreen.storyboard;
			sourceTree = "<group>";
		};
/* End PBXVariantGroup section */

/* Begin XCBuildConfiguration section */
		A50A43632286B6C7000C18D3 /* Debug */ = {
			isa = XCBuildConfiguration;
			buildSettings = {
				ALWAYS_SEARCH_USER_PATHS = NO;
				CLANG_ANALYZER_NONNULL = YES;
				CLANG_ANALYZER_NUMBER_OBJECT_CONVERSION = YES_AGGRESSIVE;
				CLANG_CXX_LANGUAGE_STANDARD = "gnu++14";
				CLANG_CXX_LIBRARY = "libc++";
				CLANG_ENABLE_MODULES = YES;
				CLANG_ENABLE_OBJC_ARC = YES;
				CLANG_ENABLE_OBJC_WEAK = YES;
				CLANG_WARN_BLOCK_CAPTURE_AUTORELEASING = YES;
				CLANG_WARN_BOOL_CONVERSION = YES;
				CLANG_WARN_COMMA = YES;
				CLANG_WARN_CONSTANT_CONVERSION = YES;
				CLANG_WARN_DEPRECATED_OBJC_IMPLEMENTATIONS = YES;
				CLANG_WARN_DIRECT_OBJC_ISA_USAGE = YES_ERROR;
				CLANG_WARN_DOCUMENTATION_COMMENTS = YES;
				CLANG_WARN_EMPTY_BODY = YES;
				CLANG_WARN_ENUM_CONVERSION = YES;
				CLANG_WARN_INFINITE_RECURSION = YES;
				CLANG_WARN_INT_CONVERSION = YES;
				CLANG_WARN_NON_LITERAL_NULL_CONVERSION = YES;
				CLANG_WARN_OBJC_IMPLICIT_RETAIN_SELF = YES;
				CLANG_WARN_OBJC_LITERAL_CONVERSION = YES;
				CLANG_WARN_OBJC_ROOT_CLASS = YES_ERROR;
				CLANG_WARN_RANGE_LOOP_ANALYSIS = YES;
				CLANG_WARN_STRICT_PROTOTYPES = YES;
				CLANG_WARN_SUSPICIOUS_MOVE = YES;
				CLANG_WARN_UNGUARDED_AVAILABILITY = YES_AGGRESSIVE;
				CLANG_WARN_UNREACHABLE_CODE = YES;
				CLANG_WARN__DUPLICATE_METHOD_MATCH = YES;
				CODE_SIGN_IDENTITY = "iPhone Developer";
				COPY_PHASE_STRIP = NO;
				DEBUG_INFORMATION_FORMAT = dwarf;
				ENABLE_STRICT_OBJC_MSGSEND = YES;
				ENABLE_TESTABILITY = YES;
				GCC_C_LANGUAGE_STANDARD = gnu11;
				GCC_DYNAMIC_NO_PIC = NO;
				GCC_NO_COMMON_BLOCKS = YES;
				GCC_OPTIMIZATION_LEVEL = 0;
				GCC_PREPROCESSOR_DEFINITIONS = (
					"DEBUG=1",
					"$(inherited)",
				);
				GCC_WARN_64_TO_32_BIT_CONVERSION = YES;
				GCC_WARN_ABOUT_RETURN_TYPE = YES_ERROR;
				GCC_WARN_UNDECLARED_SELECTOR = YES;
				GCC_WARN_UNINITIALIZED_AUTOS = YES_AGGRESSIVE;
				GCC_WARN_UNUSED_FUNCTION = YES;
				GCC_WARN_UNUSED_VARIABLE = YES;
				IPHONEOS_DEPLOYMENT_TARGET = 12.2;
				MTL_ENABLE_DEBUG_INFO = INCLUDE_SOURCE;
				MTL_FAST_MATH = YES;
				ONLY_ACTIVE_ARCH = YES;
				SDKROOT = iphoneos;
				SWIFT_ACTIVE_COMPILATION_CONDITIONS = DEBUG;
				SWIFT_OPTIMIZATION_LEVEL = "-Onone";
			};
			name = Debug;
		};
		A50A43642286B6C7000C18D3 /* Release */ = {
			isa = XCBuildConfiguration;
			buildSettings = {
				ALWAYS_SEARCH_USER_PATHS = NO;
				CLANG_ANALYZER_NONNULL = YES;
				CLANG_ANALYZER_NUMBER_OBJECT_CONVERSION = YES_AGGRESSIVE;
				CLANG_CXX_LANGUAGE_STANDARD = "gnu++14";
				CLANG_CXX_LIBRARY = "libc++";
				CLANG_ENABLE_MODULES = YES;
				CLANG_ENABLE_OBJC_ARC = YES;
				CLANG_ENABLE_OBJC_WEAK = YES;
				CLANG_WARN_BLOCK_CAPTURE_AUTORELEASING = YES;
				CLANG_WARN_BOOL_CONVERSION = YES;
				CLANG_WARN_COMMA = YES;
				CLANG_WARN_CONSTANT_CONVERSION = YES;
				CLANG_WARN_DEPRECATED_OBJC_IMPLEMENTATIONS = YES;
				CLANG_WARN_DIRECT_OBJC_ISA_USAGE = YES_ERROR;
				CLANG_WARN_DOCUMENTATION_COMMENTS = YES;
				CLANG_WARN_EMPTY_BODY = YES;
				CLANG_WARN_ENUM_CONVERSION = YES;
				CLANG_WARN_INFINITE_RECURSION = YES;
				CLANG_WARN_INT_CONVERSION = YES;
				CLANG_WARN_NON_LITERAL_NULL_CONVERSION = YES;
				CLANG_WARN_OBJC_IMPLICIT_RETAIN_SELF = YES;
				CLANG_WARN_OBJC_LITERAL_CONVERSION = YES;
				CLANG_WARN_OBJC_ROOT_CLASS = YES_ERROR;
				CLANG_WARN_RANGE_LOOP_ANALYSIS = YES;
				CLANG_WARN_STRICT_PROTOTYPES = YES;
				CLANG_WARN_SUSPICIOUS_MOVE = YES;
				CLANG_WARN_UNGUARDED_AVAILABILITY = YES_AGGRESSIVE;
				CLANG_WARN_UNREACHABLE_CODE = YES;
				CLANG_WARN__DUPLICATE_METHOD_MATCH = YES;
				CODE_SIGN_IDENTITY = "iPhone Developer";
				COPY_PHASE_STRIP = NO;
				DEBUG_INFORMATION_FORMAT = "dwarf-with-dsym";
				ENABLE_NS_ASSERTIONS = NO;
				ENABLE_STRICT_OBJC_MSGSEND = YES;
				GCC_C_LANGUAGE_STANDARD = gnu11;
				GCC_NO_COMMON_BLOCKS = YES;
				GCC_WARN_64_TO_32_BIT_CONVERSION = YES;
				GCC_WARN_ABOUT_RETURN_TYPE = YES_ERROR;
				GCC_WARN_UNDECLARED_SELECTOR = YES;
				GCC_WARN_UNINITIALIZED_AUTOS = YES_AGGRESSIVE;
				GCC_WARN_UNUSED_FUNCTION = YES;
				GCC_WARN_UNUSED_VARIABLE = YES;
				IPHONEOS_DEPLOYMENT_TARGET = 12.2;
				MTL_ENABLE_DEBUG_INFO = NO;
				MTL_FAST_MATH = YES;
				SDKROOT = iphoneos;
				SWIFT_COMPILATION_MODE = wholemodule;
				SWIFT_OPTIMIZATION_LEVEL = "-O";
				VALIDATE_PRODUCT = YES;
			};
			name = Release;
		};
		A50A43662286B6C7000C18D3 /* Debug */ = {
			isa = XCBuildConfiguration;
			buildSettings = {
				ASSETCATALOG_COMPILER_APPICON_NAME = AppIcon;
				CODE_SIGN_STYLE = Automatic;
				DEVELOPMENT_TEAM = QRGN64L84L;
				INFOPLIST_FILE = router/Info.plist;
				LD_RUNPATH_SEARCH_PATHS = (
					"$(inherited)",
					"@executable_path/Frameworks",
				);
				PRODUCT_BUNDLE_IDENTIFIER = com.johnsonejezie.router;
				PRODUCT_NAME = "$(TARGET_NAME)";
				SWIFT_VERSION = 5.0;
				TARGETED_DEVICE_FAMILY = "1,2";
			};
			name = Debug;
		};
		A50A43672286B6C7000C18D3 /* Release */ = {
			isa = XCBuildConfiguration;
			buildSettings = {
				ASSETCATALOG_COMPILER_APPICON_NAME = AppIcon;
				CODE_SIGN_STYLE = Automatic;
				DEVELOPMENT_TEAM = QRGN64L84L;
				INFOPLIST_FILE = router/Info.plist;
				LD_RUNPATH_SEARCH_PATHS = (
					"$(inherited)",
					"@executable_path/Frameworks",
				);
				PRODUCT_BUNDLE_IDENTIFIER = com.johnsonejezie.router;
				PRODUCT_NAME = "$(TARGET_NAME)";
				SWIFT_VERSION = 5.0;
				TARGETED_DEVICE_FAMILY = "1,2";
			};
			name = Release;
		};
		A50A43692286B6C7000C18D3 /* Debug */ = {
			isa = XCBuildConfiguration;
			buildSettings = {
				ALWAYS_EMBED_SWIFT_STANDARD_LIBRARIES = YES;
				BUNDLE_LOADER = "$(TEST_HOST)";
				CODE_SIGN_STYLE = Automatic;
				DEVELOPMENT_TEAM = QRGN64L84L;
				INFOPLIST_FILE = routerTests/Info.plist;
				LD_RUNPATH_SEARCH_PATHS = (
					"$(inherited)",
					"@executable_path/Frameworks",
					"@loader_path/Frameworks",
				);
				PRODUCT_BUNDLE_IDENTIFIER = com.johnsonejezie.routerTests;
				PRODUCT_NAME = "$(TARGET_NAME)";
				SWIFT_VERSION = 5.0;
				TARGETED_DEVICE_FAMILY = "1,2";
				TEST_HOST = "$(BUILT_PRODUCTS_DIR)/router.app/router";
			};
			name = Debug;
		};
		A50A436A2286B6C7000C18D3 /* Release */ = {
			isa = XCBuildConfiguration;
			buildSettings = {
				ALWAYS_EMBED_SWIFT_STANDARD_LIBRARIES = YES;
				BUNDLE_LOADER = "$(TEST_HOST)";
				CODE_SIGN_STYLE = Automatic;
				DEVELOPMENT_TEAM = QRGN64L84L;
				INFOPLIST_FILE = routerTests/Info.plist;
				LD_RUNPATH_SEARCH_PATHS = (
					"$(inherited)",
					"@executable_path/Frameworks",
					"@loader_path/Frameworks",
				);
				PRODUCT_BUNDLE_IDENTIFIER = com.johnsonejezie.routerTests;
				PRODUCT_NAME = "$(TARGET_NAME)";
				SWIFT_VERSION = 5.0;
				TARGETED_DEVICE_FAMILY = "1,2";
				TEST_HOST = "$(BUILT_PRODUCTS_DIR)/router.app/router";
			};
			name = Release;
		};
		A50A436C2286B6C7000C18D3 /* Debug */ = {
			isa = XCBuildConfiguration;
			buildSettings = {
				ALWAYS_EMBED_SWIFT_STANDARD_LIBRARIES = YES;
				CODE_SIGN_STYLE = Automatic;
				DEVELOPMENT_TEAM = QRGN64L84L;
				INFOPLIST_FILE = routerUITests/Info.plist;
				LD_RUNPATH_SEARCH_PATHS = (
					"$(inherited)",
					"@executable_path/Frameworks",
					"@loader_path/Frameworks",
				);
				PRODUCT_BUNDLE_IDENTIFIER = com.johnsonejezie.routerUITests;
				PRODUCT_NAME = "$(TARGET_NAME)";
				SWIFT_VERSION = 5.0;
				TARGETED_DEVICE_FAMILY = "1,2";
				TEST_TARGET_NAME = router;
			};
			name = Debug;
		};
		A50A436D2286B6C7000C18D3 /* Release */ = {
			isa = XCBuildConfiguration;
			buildSettings = {
				ALWAYS_EMBED_SWIFT_STANDARD_LIBRARIES = YES;
				CODE_SIGN_STYLE = Automatic;
				DEVELOPMENT_TEAM = QRGN64L84L;
				INFOPLIST_FILE = routerUITests/Info.plist;
				LD_RUNPATH_SEARCH_PATHS = (
					"$(inherited)",
					"@executable_path/Frameworks",
					"@loader_path/Frameworks",
				);
				PRODUCT_BUNDLE_IDENTIFIER = com.johnsonejezie.routerUITests;
				PRODUCT_NAME = "$(TARGET_NAME)";
				SWIFT_VERSION = 5.0;
				TARGETED_DEVICE_FAMILY = "1,2";
				TEST_TARGET_NAME = router;
			};
			name = Release;
		};
/* End XCBuildConfiguration section */

/* Begin XCConfigurationList section */
		A50A43382286B6C7000C18D3 /* Build configuration list for PBXProject "router" */ = {
			isa = XCConfigurationList;
			buildConfigurations = (
				A50A43632286B6C7000C18D3 /* Debug */,
				A50A43642286B6C7000C18D3 /* Release */,
			);
			defaultConfigurationIsVisible = 0;
			defaultConfigurationName = Release;
		};
		A50A43652286B6C7000C18D3 /* Build configuration list for PBXNativeTarget "router" */ = {
			isa = XCConfigurationList;
			buildConfigurations = (
				A50A43662286B6C7000C18D3 /* Debug */,
				A50A43672286B6C7000C18D3 /* Release */,
			);
			defaultConfigurationIsVisible = 0;
			defaultConfigurationName = Release;
		};
		A50A43682286B6C7000C18D3 /* Build configuration list for PBXNativeTarget "routerTests" */ = {
			isa = XCConfigurationList;
			buildConfigurations = (
				A50A43692286B6C7000C18D3 /* Debug */,
				A50A436A2286B6C7000C18D3 /* Release */,
			);
			defaultConfigurationIsVisible = 0;
			defaultConfigurationName = Release;
		};
		A50A436B2286B6C7000C18D3 /* Build configuration list for PBXNativeTarget "routerUITests" */ = {
			isa = XCConfigurationList;
			buildConfigurations = (
				A50A436C2286B6C7000C18D3 /* Debug */,
				A50A436D2286B6C7000C18D3 /* Release */,
			);
			defaultConfigurationIsVisible = 0;
			defaultConfigurationName = Release;
		};
/* End XCConfigurationList section */
	};
	rootObject = A50A43352286B6C7000C18D3 /* Project object */;
}
